// !$*UTF8*$!
{
	archiveVersion = 1;
	classes = {
	};
	objectVersion = 46;
	objects = {

/* Begin PBXBuildFile section */
		750C59DBA216AC126C34DD8D /* libPods.a in Frameworks */ = {isa = PBXBuildFile; fileRef = EBF54BEF8A4A0851A6B6F93A /* libPods.a */; };
		E709AB9A1B90142400F3238E /* AppDelegate.swift in Sources */ = {isa = PBXBuildFile; fileRef = E709AB991B90142400F3238E /* AppDelegate.swift */; };
		E709AB9C1B90142400F3238E /* ViewController.swift in Sources */ = {isa = PBXBuildFile; fileRef = E709AB9B1B90142400F3238E /* ViewController.swift */; };
		E709AB9F1B90142400F3238E /* Main.storyboard in Resources */ = {isa = PBXBuildFile; fileRef = E709AB9D1B90142400F3238E /* Main.storyboard */; };
		E709ABA11B90142400F3238E /* Images.xcassets in Resources */ = {isa = PBXBuildFile; fileRef = E709ABA01B90142400F3238E /* Images.xcassets */; };
		E709ABA41B90142400F3238E /* LaunchScreen.xib in Resources */ = {isa = PBXBuildFile; fileRef = E709ABA21B90142400F3238E /* LaunchScreen.xib */; };
		E709ABB01B90142400F3238E /* testTests.swift in Sources */ = {isa = PBXBuildFile; fileRef = E709ABAF1B90142400F3238E /* testTests.swift */; };
		E709ABBE1B9015B400F3238E /* Status.swift in Sources */ = {isa = PBXBuildFile; fileRef = E709ABBD1B9015B400F3238E /* Status.swift */; };
/* End PBXBuildFile section */

/* Begin PBXContainerItemProxy section */
		E709ABAA1B90142400F3238E /* PBXContainerItemProxy */ = {
			isa = PBXContainerItemProxy;
			containerPortal = E709AB8C1B90142400F3238E /* Project object */;
			proxyType = 1;
			remoteGlobalIDString = E709AB931B90142400F3238E;
			remoteInfo = test;
		};
/* End PBXContainerItemProxy section */

/* Begin PBXFileReference section */
		0C200DA7766C190C1F742C9D /* Pods.debug.xcconfig */ = {isa = PBXFileReference; includeInIndex = 1; lastKnownFileType = text.xcconfig; name = Pods.debug.xcconfig; path = "Pods/Target Support Files/Pods/Pods.debug.xcconfig"; sourceTree = "<group>"; };
		39EA5CCFADF41DEB7C46748C /* Pods.release.xcconfig */ = {isa = PBXFileReference; includeInIndex = 1; lastKnownFileType = text.xcconfig; name = Pods.release.xcconfig; path = "Pods/Target Support Files/Pods/Pods.release.xcconfig"; sourceTree = "<group>"; };
		E709AB941B90142400F3238E /* test.app */ = {isa = PBXFileReference; explicitFileType = wrapper.application; includeInIndex = 0; path = test.app; sourceTree = BUILT_PRODUCTS_DIR; };
		E709AB981B90142400F3238E /* Info.plist */ = {isa = PBXFileReference; lastKnownFileType = text.plist.xml; path = Info.plist; sourceTree = "<group>"; };
		E709AB991B90142400F3238E /* AppDelegate.swift */ = {isa = PBXFileReference; lastKnownFileType = sourcecode.swift; path = AppDelegate.swift; sourceTree = "<group>"; };
		E709AB9B1B90142400F3238E /* ViewController.swift */ = {isa = PBXFileReference; lastKnownFileType = sourcecode.swift; path = ViewController.swift; sourceTree = "<group>"; };
		E709AB9E1B90142400F3238E /* Base */ = {isa = PBXFileReference; lastKnownFileType = file.storyboard; name = Base; path = Base.lproj/Main.storyboard; sourceTree = "<group>"; };
		E709ABA01B90142400F3238E /* Images.xcassets */ = {isa = PBXFileReference; lastKnownFileType = folder.assetcatalog; path = Images.xcassets; sourceTree = "<group>"; };
		E709ABA31B90142400F3238E /* Base */ = {isa = PBXFileReference; lastKnownFileType = file.xib; name = Base; path = Base.lproj/LaunchScreen.xib; sourceTree = "<group>"; };
		E709ABA91B90142400F3238E /* testTests.xctest */ = {isa = PBXFileReference; explicitFileType = wrapper.cfbundle; includeInIndex = 0; path = testTests.xctest; sourceTree = BUILT_PRODUCTS_DIR; };
		E709ABAE1B90142400F3238E /* Info.plist */ = {isa = PBXFileReference; lastKnownFileType = text.plist.xml; path = Info.plist; sourceTree = "<group>"; };
		E709ABAF1B90142400F3238E /* testTests.swift */ = {isa = PBXFileReference; lastKnownFileType = sourcecode.swift; path = testTests.swift; sourceTree = "<group>"; };
		E709ABB91B9014D400F3238E /* test-Bridging-Header.h */ = {isa = PBXFileReference; lastKnownFileType = sourcecode.c.h; path = "test-Bridging-Header.h"; sourceTree = "<group>"; };
		E709ABBD1B9015B400F3238E /* Status.swift */ = {isa = PBXFileReference; fileEncoding = 4; lastKnownFileType = sourcecode.swift; path = Status.swift; sourceTree = "<group>"; };
		EBF54BEF8A4A0851A6B6F93A /* libPods.a */ = {isa = PBXFileReference; explicitFileType = archive.ar; includeInIndex = 0; path = libPods.a; sourceTree = BUILT_PRODUCTS_DIR; };
/* End PBXFileReference section */

/* Begin PBXFrameworksBuildPhase section */
		E709AB911B90142400F3238E /* Frameworks */ = {
			isa = PBXFrameworksBuildPhase;
			buildActionMask = 2147483647;
			files = (
				750C59DBA216AC126C34DD8D /* libPods.a in Frameworks */,
			);
			runOnlyForDeploymentPostprocessing = 0;
		};
		E709ABA61B90142400F3238E /* Frameworks */ = {
			isa = PBXFrameworksBuildPhase;
			buildActionMask = 2147483647;
			files = (
			);
			runOnlyForDeploymentPostprocessing = 0;
		};
/* End PBXFrameworksBuildPhase section */

/* Begin PBXGroup section */
		1FD5AC864011D27082B740DD /* Frameworks */ = {
			isa = PBXGroup;
			children = (
				EBF54BEF8A4A0851A6B6F93A /* libPods.a */,
			);
			name = Frameworks;
			sourceTree = "<group>";
		};
		4F033C89FFED7F9FB815A7A7 /* Pods */ = {
			isa = PBXGroup;
			children = (
				0C200DA7766C190C1F742C9D /* Pods.debug.xcconfig */,
				39EA5CCFADF41DEB7C46748C /* Pods.release.xcconfig */,
			);
			name = Pods;
			sourceTree = "<group>";
		};
		E709AB8B1B90142400F3238E = {
			isa = PBXGroup;
			children = (
				E709AB961B90142400F3238E /* test */,
				E709ABAC1B90142400F3238E /* testTests */,
				E709AB951B90142400F3238E /* Products */,
				4F033C89FFED7F9FB815A7A7 /* Pods */,
				1FD5AC864011D27082B740DD /* Frameworks */,
			);
			sourceTree = "<group>";
		};
		E709AB951B90142400F3238E /* Products */ = {
			isa = PBXGroup;
			children = (
				E709AB941B90142400F3238E /* test.app */,
				E709ABA91B90142400F3238E /* testTests.xctest */,
			);
			name = Products;
			sourceTree = "<group>";
		};
		E709AB961B90142400F3238E /* test */ = {
			isa = PBXGroup;
			children = (
				E709AB991B90142400F3238E /* AppDelegate.swift */,
				E709AB9B1B90142400F3238E /* ViewController.swift */,
				E709AB9D1B90142400F3238E /* Main.storyboard */,
				E709ABA01B90142400F3238E /* Images.xcassets */,
				E709ABA21B90142400F3238E /* LaunchScreen.xib */,
				E709AB971B90142400F3238E /* Supporting Files */,
				E709ABB91B9014D400F3238E /* test-Bridging-Header.h */,
				E709ABBD1B9015B400F3238E /* Status.swift */,
			);
			path = test;
			sourceTree = "<group>";
		};
		E709AB971B90142400F3238E /* Supporting Files */ = {
			isa = PBXGroup;
			children = (
				E709AB981B90142400F3238E /* Info.plist */,
			);
			name = "Supporting Files";
			sourceTree = "<group>";
		};
		E709ABAC1B90142400F3238E /* testTests */ = {
			isa = PBXGroup;
			children = (
				E709ABAF1B90142400F3238E /* testTests.swift */,
				E709ABAD1B90142400F3238E /* Supporting Files */,
			);
			path = testTests;
			sourceTree = "<group>";
		};
		E709ABAD1B90142400F3238E /* Supporting Files */ = {
			isa = PBXGroup;
			children = (
				E709ABAE1B90142400F3238E /* Info.plist */,
			);
			name = "Supporting Files";
			sourceTree = "<group>";
		};
/* End PBXGroup section */

/* Begin PBXNativeTarget section */
		E709AB931B90142400F3238E /* test */ = {
			isa = PBXNativeTarget;
			buildConfigurationList = E709ABB31B90142400F3238E /* Build configuration list for PBXNativeTarget "test" */;
			buildPhases = (
				0077F69960AA7FAC2BD24149 /* Check Pods Manifest.lock */,
				E709AB901B90142400F3238E /* Sources */,
				E709AB911B90142400F3238E /* Frameworks */,
				E709AB921B90142400F3238E /* Resources */,
				87F309147654C437A10629DA /* Copy Pods Resources */,
			);
			buildRules = (
			);
			dependencies = (
			);
			name = test;
			productName = test;
			productReference = E709AB941B90142400F3238E /* test.app */;
			productType = "com.apple.product-type.application";
		};
		E709ABA81B90142400F3238E /* testTests */ = {
			isa = PBXNativeTarget;
			buildConfigurationList = E709ABB61B90142400F3238E /* Build configuration list for PBXNativeTarget "testTests" */;
			buildPhases = (
				E709ABA51B90142400F3238E /* Sources */,
				E709ABA61B90142400F3238E /* Frameworks */,
				E709ABA71B90142400F3238E /* Resources */,
			);
			buildRules = (
			);
			dependencies = (
				E709ABAB1B90142400F3238E /* PBXTargetDependency */,
			);
			name = testTests;
			productName = testTests;
			productReference = E709ABA91B90142400F3238E /* testTests.xctest */;
			productType = "com.apple.product-type.bundle.unit-test";
		};
/* End PBXNativeTarget section */

/* Begin PBXProject section */
		E709AB8C1B90142400F3238E /* Project object */ = {
			isa = PBXProject;
			attributes = {
				LastUpgradeCheck = 0640;
				ORGANIZATIONNAME = "Fabián Cañas";
				TargetAttributes = {
					E709AB931B90142400F3238E = {
						CreatedOnToolsVersion = 6.4;
					};
					E709ABA81B90142400F3238E = {
						CreatedOnToolsVersion = 6.4;
						TestTargetID = E709AB931B90142400F3238E;
					};
				};
			};
			buildConfigurationList = E709AB8F1B90142400F3238E /* Build configuration list for PBXProject "test" */;
			compatibilityVersion = "Xcode 3.2";
			developmentRegion = English;
			hasScannedForEncodings = 0;
			knownRegions = (
				en,
				Base,
			);
			mainGroup = E709AB8B1B90142400F3238E;
			productRefGroup = E709AB951B90142400F3238E /* Products */;
			projectDirPath = "";
			projectRoot = "";
			targets = (
				E709AB931B90142400F3238E /* test */,
				E709ABA81B90142400F3238E /* testTests */,
			);
		};
/* End PBXProject section */

/* Begin PBXResourcesBuildPhase section */
		E709AB921B90142400F3238E /* Resources */ = {
			isa = PBXResourcesBuildPhase;
			buildActionMask = 2147483647;
			files = (
				E709AB9F1B90142400F3238E /* Main.storyboard in Resources */,
				E709ABA41B90142400F3238E /* LaunchScreen.xib in Resources */,
				E709ABA11B90142400F3238E /* Images.xcassets in Resources */,
			);
			runOnlyForDeploymentPostprocessing = 0;
		};
		E709ABA71B90142400F3238E /* Resources */ = {
			isa = PBXResourcesBuildPhase;
			buildActionMask = 2147483647;
			files = (
			);
			runOnlyForDeploymentPostprocessing = 0;
		};
/* End PBXResourcesBuildPhase section */

/* Begin PBXShellScriptBuildPhase section */
		0077F69960AA7FAC2BD24149 /* Check Pods Manifest.lock */ = {
			isa = PBXShellScriptBuildPhase;
			buildActionMask = 2147483647;
			files = (
			);
			inputPaths = (
			);
			name = "Check Pods Manifest.lock";
			outputPaths = (
			);
			runOnlyForDeploymentPostprocessing = 0;
			shellPath = /bin/sh;
			shellScript = "diff \"${PODS_ROOT}/../Podfile.lock\" \"${PODS_ROOT}/Manifest.lock\" > /dev/null\nif [[ $? != 0 ]] ; then\n    cat << EOM\nerror: The sandbox is not in sync with the Podfile.lock. Run 'pod install' or update your CocoaPods installation.\nEOM\n    exit 1\nfi\n";
			showEnvVarsInLog = 0;
		};
		87F309147654C437A10629DA /* Copy Pods Resources */ = {
			isa = PBXShellScriptBuildPhase;
			buildActionMask = 2147483647;
			files = (
			);
			inputPaths = (
			);
			name = "Copy Pods Resources";
			outputPaths = (
			);
			runOnlyForDeploymentPostprocessing = 0;
			shellPath = /bin/sh;
			shellScript = "\"${SRCROOT}/Pods/Target Support Files/Pods/Pods-resources.sh\"\n";
			showEnvVarsInLog = 0;
		};
/* End PBXShellScriptBuildPhase section */

/* Begin PBXSourcesBuildPhase section */
		E709AB901B90142400F3238E /* Sources */ = {
			isa = PBXSourcesBuildPhase;
			buildActionMask = 2147483647;
			files = (
				E709AB9C1B90142400F3238E /* ViewController.swift in Sources */,
				E709AB9A1B90142400F3238E /* AppDelegate.swift in Sources */,
				E709ABBE1B9015B400F3238E /* Status.swift in Sources */,
			);
			runOnlyForDeploymentPostprocessing = 0;
		};
		E709ABA51B90142400F3238E /* Sources */ = {
			isa = PBXSourcesBuildPhase;
			buildActionMask = 2147483647;
			files = (
				E709ABB01B90142400F3238E /* testTests.swift in Sources */,
			);
			runOnlyForDeploymentPostprocessing = 0;
		};
/* End PBXSourcesBuildPhase section */

/* Begin PBXTargetDependency section */
		E709ABAB1B90142400F3238E /* PBXTargetDependency */ = {
			isa = PBXTargetDependency;
			target = E709AB931B90142400F3238E /* test */;
			targetProxy = E709ABAA1B90142400F3238E /* PBXContainerItemProxy */;
		};
/* End PBXTargetDependency section */

/* Begin PBXVariantGroup section */
		E709AB9D1B90142400F3238E /* Main.storyboard */ = {
			isa = PBXVariantGroup;
			children = (
				E709AB9E1B90142400F3238E /* Base */,
			);
			name = Main.storyboard;
			sourceTree = "<group>";
		};
		E709ABA21B90142400F3238E /* LaunchScreen.xib */ = {
			isa = PBXVariantGroup;
			children = (
				E709ABA31B90142400F3238E /* Base */,
			);
			name = LaunchScreen.xib;
			sourceTree = "<group>";
		};
/* End PBXVariantGroup section */

/* Begin XCBuildConfiguration section */
		E709ABB11B90142400F3238E /* Debug */ = {
			isa = XCBuildConfiguration;
			buildSettings = {
				ALWAYS_SEARCH_USER_PATHS = NO;
				CLANG_CXX_LANGUAGE_STANDARD = "gnu++0x";
				CLANG_CXX_LIBRARY = "libc++";
				CLANG_ENABLE_MODULES = YES;
				CLANG_ENABLE_OBJC_ARC = YES;
				CLANG_WARN_BOOL_CONVERSION = YES;
				CLANG_WARN_CONSTANT_CONVERSION = YES;
				CLANG_WARN_DIRECT_OBJC_ISA_USAGE = YES_ERROR;
				CLANG_WARN_EMPTY_BODY = YES;
				CLANG_WARN_ENUM_CONVERSION = YES;
				CLANG_WARN_INT_CONVERSION = YES;
				CLANG_WARN_OBJC_ROOT_CLASS = YES_ERROR;
				CLANG_WARN_UNREACHABLE_CODE = YES;
				CLANG_WARN__DUPLICATE_METHOD_MATCH = YES;
				"CODE_SIGN_IDENTITY[sdk=iphoneos*]" = "iPhone Developer";
				COPY_PHASE_STRIP = NO;
				DEBUG_INFORMATION_FORMAT = "dwarf-with-dsym";
				ENABLE_STRICT_OBJC_MSGSEND = YES;
				GCC_C_LANGUAGE_STANDARD = gnu99;
				GCC_DYNAMIC_NO_PIC = NO;
				GCC_NO_COMMON_BLOCKS = YES;
				GCC_OPTIMIZATION_LEVEL = 0;
				GCC_PREPROCESSOR_DEFINITIONS = (
					"DEBUG=1",
					"$(inherited)",
				);
				GCC_SYMBOLS_PRIVATE_EXTERN = NO;
				GCC_WARN_64_TO_32_BIT_CONVERSION = YES;
				GCC_WARN_ABOUT_RETURN_TYPE = YES_ERROR;
				GCC_WARN_UNDECLARED_SELECTOR = YES;
				GCC_WARN_UNINITIALIZED_AUTOS = YES_AGGRESSIVE;
				GCC_WARN_UNUSED_FUNCTION = YES;
				GCC_WARN_UNUSED_VARIABLE = YES;
				IPHONEOS_DEPLOYMENT_TARGET = 8.4;
				MTL_ENABLE_DEBUG_INFO = YES;
				ONLY_ACTIVE_ARCH = YES;
				SDKROOT = iphoneos;
				SWIFT_OPTIMIZATION_LEVEL = "-Onone";
			};
			name = Debug;
		};
		E709ABB21B90142400F3238E /* Release */ = {
			isa = XCBuildConfiguration;
			buildSettings = {
				ALWAYS_SEARCH_USER_PATHS = NO;
				CLANG_CXX_LANGUAGE_STANDARD = "gnu++0x";
				CLANG_CXX_LIBRARY = "libc++";
				CLANG_ENABLE_MODULES = YES;
				CLANG_ENABLE_OBJC_ARC = YES;
				CLANG_WARN_BOOL_CONVERSION = YES;
				CLANG_WARN_CONSTANT_CONVERSION = YES;
				CLANG_WARN_DIRECT_OBJC_ISA_USAGE = YES_ERROR;
				CLANG_WARN_EMPTY_BODY = YES;
				CLANG_WARN_ENUM_CONVERSION = YES;
				CLANG_WARN_INT_CONVERSION = YES;
				CLANG_WARN_OBJC_ROOT_CLASS = YES_ERROR;
				CLANG_WARN_UNREACHABLE_CODE = YES;
				CLANG_WARN__DUPLICATE_METHOD_MATCH = YES;
				"CODE_SIGN_IDENTITY[sdk=iphoneos*]" = "iPhone Developer";
				COPY_PHASE_STRIP = NO;
				DEBUG_INFORMATION_FORMAT = "dwarf-with-dsym";
				ENABLE_NS_ASSERTIONS = NO;
				ENABLE_STRICT_OBJC_MSGSEND = YES;
				GCC_C_LANGUAGE_STANDARD = gnu99;
				GCC_NO_COMMON_BLOCKS = YES;
				GCC_WARN_64_TO_32_BIT_CONVERSION = YES;
				GCC_WARN_ABOUT_RETURN_TYPE = YES_ERROR;
				GCC_WARN_UNDECLARED_SELECTOR = YES;
				GCC_WARN_UNINITIALIZED_AUTOS = YES_AGGRESSIVE;
				GCC_WARN_UNUSED_FUNCTION = YES;
				GCC_WARN_UNUSED_VARIABLE = YES;
				IPHONEOS_DEPLOYMENT_TARGET = 8.4;
				MTL_ENABLE_DEBUG_INFO = NO;
				SDKROOT = iphoneos;
				VALIDATE_PRODUCT = YES;
			};
			name = Release;
		};
		E709ABB41B90142400F3238E /* Debug */ = {
			isa = XCBuildConfiguration;
			baseConfigurationReference = 0C200DA7766C190C1F742C9D /* Pods.debug.xcconfig */;
			buildSettings = {
				ASSETCATALOG_COMPILER_APPICON_NAME = AppIcon;
				CLANG_ENABLE_MODULES = YES;
				INFOPLIST_FILE = test/Info.plist;
				LD_RUNPATH_SEARCH_PATHS = "$(inherited) @executable_path/Frameworks";
				PRODUCT_NAME = "$(TARGET_NAME)";
				SWIFT_OBJC_BRIDGING_HEADER = "test/test-Bridging-Header.h";
				SWIFT_OPTIMIZATION_LEVEL = "-Onone";
			};
			name = Debug;
		};
		E709ABB51B90142400F3238E /* Release */ = {
			isa = XCBuildConfiguration;
			baseConfigurationReference = 39EA5CCFADF41DEB7C46748C /* Pods.release.xcconfig */;
			buildSettings = {
				ASSETCATALOG_COMPILER_APPICON_NAME = AppIcon;
				CLANG_ENABLE_MODULES = YES;
				INFOPLIST_FILE = test/Info.plist;
				LD_RUNPATH_SEARCH_PATHS = "$(inherited) @executable_path/Frameworks";
				PRODUCT_NAME = "$(TARGET_NAME)";
				SWIFT_OBJC_BRIDGING_HEADER = "test/test-Bridging-Header.h";
			};
			name = Release;
		};
		E709ABB71B90142400F3238E /* Debug */ = {
			isa = XCBuildConfiguration;
			buildSettings = {
				BUNDLE_LOADER = "$(TEST_HOST)";
				FRAMEWORK_SEARCH_PATHS = (
					"$(SDKROOT)/Developer/Library/Frameworks",
					"$(inherited)",
				);
				GCC_PREPROCESSOR_DEFINITIONS = (
					"DEBUG=1",
					"$(inherited)",
				);
				INFOPLIST_FILE = testTests/Info.plist;
				LD_RUNPATH_SEARCH_PATHS = "$(inherited) @executable_path/Frameworks @loader_path/Frameworks";
				PRODUCT_NAME = "$(TARGET_NAME)";
				TEST_HOST = "$(BUILT_PRODUCTS_DIR)/test.app/test";
			};
			name = Debug;
		};
		E709ABB81B90142400F3238E /* Release */ = {
			isa = XCBuildConfiguration;
			buildSettings = {
				BUNDLE_LOADER = "$(TEST_HOST)";
				FRAMEWORK_SEARCH_PATHS = (
					"$(SDKROOT)/Developer/Library/Frameworks",
					"$(inherited)",
				);
				INFOPLIST_FILE = testTests/Info.plist;
				LD_RUNPATH_SEARCH_PATHS = "$(inherited) @executable_path/Frameworks @loader_path/Frameworks";
				PRODUCT_NAME = "$(TARGET_NAME)";
				TEST_HOST = "$(BUILT_PRODUCTS_DIR)/test.app/test";
			};
			name = Release;
		};
/* End XCBuildConfiguration section */

/* Begin XCConfigurationList section */
		E709AB8F1B90142400F3238E /* Build configuration list for PBXProject "test" */ = {
			isa = XCConfigurationList;
			buildConfigurations = (
				E709ABB11B90142400F3238E /* Debug */,
				E709ABB21B90142400F3238E /* Release */,
			);
			defaultConfigurationIsVisible = 0;
			defaultConfigurationName = Release;
		};
		E709ABB31B90142400F3238E /* Build configuration list for PBXNativeTarget "test" */ = {
			isa = XCConfigurationList;
			buildConfigurations = (
				E709ABB41B90142400F3238E /* Debug */,
				E709ABB51B90142400F3238E /* Release */,
			);
			defaultConfigurationIsVisible = 0;
			defaultConfigurationName = Release;
		};
		E709ABB61B90142400F3238E /* Build configuration list for PBXNativeTarget "testTests" */ = {
			isa = XCConfigurationList;
			buildConfigurations = (
				E709ABB71B90142400F3238E /* Debug */,
				E709ABB81B90142400F3238E /* Release */,
			);
			defaultConfigurationIsVisible = 0;
			defaultConfigurationName = Release;
		};
/* End XCConfigurationList section */
	};
	rootObject = E709AB8C1B90142400F3238E /* Project object */;
}
